Microsoft Visual Studio Solution File, Format Version 12.00
# Visual Studio 2012
Project("{FAE04EC0-301F-11D3-BF4B-00C04F79EFBC}") = "AA 1 Test Godot", "AA 1 Test Godot.csproj", "{12D40940-DBAE-45EF-9D1D-5A34A81C125E}"
EndProject
Global
	GlobalSection(SolutionConfigurationPlatforms) = preSolution
	Debug|Any CPU = Debug|Any CPU
	ExportDebug|Any CPU = ExportDebug|Any CPU
	ExportRelease|Any CPU = ExportRelease|Any CPU
	EndGlobalSection
	GlobalSection(ProjectConfigurationPlatforms) = postSolution
		{12D40940-DBAE-45EF-9D1D-5A34A81C125E}.Debug|Any CPU.ActiveCfg = Debug|Any CPU
		{12D40940-DBAE-45EF-9D1D-5A34A81C125E}.Debug|Any CPU.Build.0 = Debug|Any CPU
		{12D40940-DBAE-45EF-9D1D-5A34A81C125E}.ExportDebug|Any CPU.ActiveCfg = ExportDebug|Any CPU
		{12D40940-DBAE-45EF-9D1D-5A34A81C125E}.ExportDebug|Any CPU.Build.0 = ExportDebug|Any CPU
		{12D40940-DBAE-45EF-9D1D-5A34A81C125E}.ExportRelease|Any CPU.ActiveCfg = ExportRelease|Any CPU
		{12D40940-DBAE-45EF-9D1D-5A34A81C125E}.ExportRelease|Any CPU.Build.0 = ExportRelease|Any CPU
	EndGlobalSection
EndGlobal
